<?xml version="1.0" encoding="utf-8"?>
<Project ToolsVersion="4.0" xmlns="http://schemas.microsoft.com/developer/msbuild/2003">
  <ItemGroup>
    <Filter Include="Source Files">
      <UniqueIdentifier>{4FC737F1-C7A5-4376-A066-2A32D752A2FF}</UniqueIdentifier>
      <Extensions>cpp;c;cc;cxx;def;odl;idl;hpj;bat;asm;asmx</Extensions>
    </Filter>
    <Filter Include="Header Files">
      <UniqueIdentifier>{93995380-89BD-4b04-88EB-625FBE52EBFB}</UniqueIdentifier>
      <Extensions>h;hh;hpp;hxx;hm;inl;inc;xsd</Extensions>
    </Filter>
    <Filter Include="Resource Files">
      <UniqueIdentifier>{67DA6AB6-F800-4c08-8B7A-83BB121AAD01}</UniqueIdentifier>
      <Extensions>rc;ico;cur;bmp;dlg;rc2;rct;bin;rgs;gif;jpg;jpeg;jpe;resx;tiff;tif;png;wav;mfcribbon-ms</Extensions>
    </Filter>
  </ItemGroup>
  <ItemGroup>
    <ClCompile Include="Main.cpp">
      <Filter>Source Files</Filter>
    </ClCompile>
    <ClCompile Include="GLFWContext.cpp">
      <Filter>Source Files</Filter>
    </ClCompile>
    <ClCompile Include="tool\ModelTool.cpp">
      <Filter>Source Files</Filter>
    </ClCompile>
    <ClCompile Include="tool\ShaderTool.cpp">
      <Filter>Source Files</Filter>
    </ClCompile>
    <ClCompile Include="shader\BasicShader.cpp">
      <Filter>Source Files</Filter>
    </ClCompile>
    <ClCompile Include="model\TexturedCube.cpp">
      <Filter>Source Files</Filter>
    </ClCompile>
    <ClCompile Include="owner\STBImageOwner.cpp">
      <Filter>Source Files</Filter>
    </ClCompile>
    <ClCompile Include="owner\GLProgramOwner.cpp">
      <Filter>Source Files</Filter>
    </ClCompile>
    <ClCompile Include="owner\GLShaderOwner.cpp">
      <Filter>Source Files</Filter>
    </ClCompile>
    <ClCompile Include="object\Camera.cpp">
      <Filter>Source Files</Filter>
    </ClCompile>
    <ClCompile Include="object\World.cpp">
      <Filter>Source Files</Filter>
    </ClCompile>
    <ClCompile Include="owner\GLAttachShaderOwner.cpp">
      <Filter>Source Files</Filter>
    </ClCompile>
    <ClCompile Include="owner\GLShaderCompilerOwner.cpp">
      <Filter>Source Files</Filter>
    </ClCompile>
    <ClCompile Include="owner\GLTextureOwner.cpp">
      <Filter>Source Files</Filter>
    </ClCompile>
    <ClCompile Include="owner\GLVAOOwner.cpp">
      <Filter>Source Files</Filter>
    </ClCompile>
    <ClCompile Include="owner\GLVBOOwner.cpp">
      <Filter>Source Files</Filter>
    </ClCompile>
    <ClCompile Include="shader\SkyBoxShader.cpp">
      <Filter>Source Files</Filter>
    </ClCompile>
    <ClCompile Include="model\SkyBox.cpp">
      <Filter>Source Files</Filter>
    </ClCompile>
    <ClCompile Include="tool\MathTool.cpp">
      <Filter>Source Files</Filter>
    </ClCompile>
    <ClCompile Include="object\DirectionalLight.cpp">
      <Filter>Source Files</Filter>
    </ClCompile>
    <ClCompile Include="shader\LowPolyShader.cpp">
      <Filter>Source Files</Filter>
    </ClCompile>
    <ClCompile Include="model\StaticLandscape.cpp">
      <Filter>Source Files</Filter>
    </ClCompile>
    <ClCompile Include="tool\DiamondSquareTerrain.cpp">
      <Filter>Source Files</Filter>
    </ClCompile>
    <ClCompile Include="model\Terrain.cpp">
      <Filter>Source Files</Filter>
    </ClCompile>
    <ClCompile Include="shader\TerrainShader.cpp">
      <Filter>Source Files</Filter>
    </ClCompile>
  </ItemGroup>
  <ItemGroup>
    <ClInclude Include="GLFWContext.hpp">
      <Filter>Header Files</Filter>
    </ClInclude>
    <ClInclude Include="tool\ModelTool.hpp">
      <Filter>Header Files</Filter>
    </ClInclude>
    <ClInclude Include="tool\ShaderTool.hpp">
      <Filter>Header Files</Filter>
    </ClInclude>
    <ClInclude Include="shader\BasicShader.hpp">
      <Filter>Header Files</Filter>
    </ClInclude>
    <ClInclude Include="model\TexturedCube.hpp">
      <Filter>Header Files</Filter>
    </ClInclude>
    <ClInclude Include="owner\STBImageOwner.hpp">
      <Filter>Header Files</Filter>
    </ClInclude>
    <ClInclude Include="owner\GLProgramOwner.hpp">
      <Filter>Header Files</Filter>
    </ClInclude>
    <ClInclude Include="owner\GLShaderOwner.hpp">
      <Filter>Header Files</Filter>
    </ClInclude>
    <ClInclude Include="object\Camera.hpp">
      <Filter>Header Files</Filter>
    </ClInclude>
    <ClInclude Include="object\World.hpp">
      <Filter>Header Files</Filter>
    </ClInclude>
    <ClInclude Include="owner\GLAttachShaderOwner.hpp">
      <Filter>Header Files</Filter>
    </ClInclude>
    <ClInclude Include="owner\GLShaderCompilerOwner.hpp">
      <Filter>Header Files</Filter>
    </ClInclude>
    <ClInclude Include="owner\GLTextureOwner.hpp">
      <Filter>Header Files</Filter>
    </ClInclude>
    <ClInclude Include="owner\GLVAOOwner.hpp">
      <Filter>Header Files</Filter>
    </ClInclude>
    <ClInclude Include="owner\GLVBOOwner.hpp">
      <Filter>Header Files</Filter>
    </ClInclude>
    <ClInclude Include="shader\SkyBoxShader.hpp">
      <Filter>Header Files</Filter>
    </ClInclude>
    <ClInclude Include="model\SkyBox.hpp">
      <Filter>Header Files</Filter>
    </ClInclude>
    <ClInclude Include="tool\MathTool.hpp">
      <Filter>Header Files</Filter>
    </ClInclude>
    <ClInclude Include="object\DirectionalLight.hpp">
      <Filter>Header Files</Filter>
    </ClInclude>
    <ClInclude Include="shader\LowPolyShader.hpp">
      <Filter>Header Files</Filter>
    </ClInclude>
    <ClInclude Include="model\StaticLandscape.hpp">
      <Filter>Header Files</Filter>
    </ClInclude>
    <ClInclude Include="tool\DiamondSquareTerrain.hpp">
      <Filter>Header Files</Filter>
    </ClInclude>
    <ClInclude Include="model\Terrain.hpp">
      <Filter>Header Files</Filter>
    </ClInclude>
    <ClInclude Include="shader\TerrainShader.hpp">
      <Filter>Header Files</Filter>
    </ClInclude>
  </ItemGroup>
</Project>